# This file is automatically @generated by Cargo.
# It is not intended for manual editing.
version = 4

[[package]]
name = "arrayref"
version = "0.3.9"
source = "registry+https://github.com/rust-lang/crates.io-index"
checksum = "76a2e8124351fda1ef8aaaa3bbd7ebbcb486bbcd4225aca0aa0d84bb2db8fecb"

[[package]]
name = "arrayvec"
version = "0.7.6"
source = "registry+https://github.com/rust-lang/crates.io-index"
checksum = "7c02d123df017efcdfbd739ef81735b36c5ba83ec3c59c80a9d7ecc718f92e50"

[[package]]
name = "blake2b_simd"
version = "1.0.3"
source = "registry+https://github.com/rust-lang/crates.io-index"
checksum = "06e903a20b159e944f91ec8499fe1e55651480c541ea0a584f5d967c49ad9d99"
dependencies = [
 "arrayref",
 "arrayvec",
 "constant_time_eq",
]

[[package]]
name = "constant_time_eq"
version = "0.3.1"
source = "registry+https://github.com/rust-lang/crates.io-index"
checksum = "7c74b8349d32d297c9134b8c88677813a227df8f779daa29bfc29c183fe3dca6"

[[package]]
name = "ff"
version = "0.14.0"
source = "registry+https://github.com/rust-lang/crates.io-index"
checksum = "a1f686ab92a9fb0eaf188f6c6c87b89490baa6fdb0db4544ba4dc47f7942489f"
dependencies = [
 "rand_core",
 "subtle",
]

[[package]]
name = "group"
version = "0.14.0"
source = "registry+https://github.com/rust-lang/crates.io-index"
checksum = "7fd1a1c7a5206c5b7a3f5a0d7ccd3ff85d0c8f5133d62a02680255b0004af5f4"
dependencies = [
 "ff",
 "rand_core",
 "subtle",
]

[[package]]
name = "pasta_curves"
version = "0.5.2"
source = "git+https://github.com/zcash/pasta_curves.git?rev=6aac244ffd28d4f704ef873ceb8c374610d328ec#6aac244ffd28d4f704ef873ceb8c374610d328ec"
dependencies = [
 "blake2b_simd",
 "ff",
 "group",
 "rand",
 "static_assertions",
 "subtle",
]

[[package]]
name = "rand"
version = "0.10.2"
source = "registry+https://github.com/rust-lang/crates.io-index"
checksum = "c7f5fa3a058cd35567ef9bfa5e75732bee0f9e4c55fa90477bef2dfcdbc4be80"
dependencies = [
 "rand_core",
]

[[package]]
name = "rand_core"
version = "0.10.1"
source = "registry+https://github.com/rust-lang/crates.io-index"
checksum = "63b8176103e19a2643978565ca18b50549f6101881c443590420e4dc998a3c69"

[[package]]
name = "sinsemilla"
version = "0.1.0"
dependencies = [
 "group",
 "pasta_curves",
 "subtle",
]

[[package]]
name = "static_assertions"
version = "1.1.0"
source = "registry+https://github.com/rust-lang/crates.io-index"
checksum = "a2eb9349b6444b326872e140eb1cf5e7c522154d69e7a0ffb0fb81c06b37543f"

[[package]]
name = "subtle"
version = "2.6.1"
source = "registry+https://github.com/rust-lang/crates.io-index"
checksum = "13c2bddecc57b384dee18652358fb23172facb8a2c51ccc10d74c157bdea3292"
